
Microsoft Visual Studio Solution File, Format Version 12.00
# Visual Studio Version 17
VisualStudioVersion = 17.11.35327.3
MinimumVisualStudioVersion = 10.0.40219.1
Project("{FAE04EC0-301F-11D3-BF4B-00C04F79EFBC}") = "Lab5_ProdMod", "Lab5_ProdMod.csproj", "{A929EA14-9621-4FE6-B4E0-5C265183FEF6}"
EndProject
Global
	GlobalSection(SolutionConfigurationPlatforms) = preSolution
		Debug|Any CPU = Debug|Any CPU
		Release|Any CPU = Release|Any CPU
	EndGlobalSection
	GlobalSection(ProjectConfigurationPlatforms) = postSolution
		{A929EA14-9621-4FE6-B4E0-5C265183FEF6}.Debug|Any CPU.ActiveCfg = Debug|Any CPU
		{A929EA14-9621-4FE6-B4E0-5C265183FEF6}.Debug|Any CPU.Build.0 = Debug|Any CPU
		{A929EA14-9621-4FE6-B4E0-5C265183FEF6}.Release|Any CPU.ActiveCfg = Release|Any CPU
		{A929EA14-9621-4FE6-B4E0-5C265183FEF6}.Release|Any CPU.Build.0 = Release|Any CPU
	EndGlobalSection
	GlobalSection(SolutionProperties) = preSolution
		HideSolutionNode = FALSE
	EndGlobalSection
	GlobalSection(ExtensibilityGlobals) = postSolution
		SolutionGuid = {5AC3E1CF-11F4-4557-90D6-20736144FD39}
	EndGlobalSection
EndGlobal
